
Microsoft Visual Studio Solution File, Format Version 12.00
# Visual Studio Version 17
VisualStudioVersion = 17.8.34004.107
MinimumVisualStudioVersion = 10.0.40219.1
Project("{9A19103F-16F7-4668-BE54-9A1E7A4F7556}") = "NDK.SelfCare", "NDK.SelfCare\NDK.SelfCare.csproj", "{DCFD1EF1-EEE9-422D-9425-1EDBA5D6893D}"
EndProject
Project("{9A19103F-16F7-4668-BE54-9A1E7A4F7556}") = "NDK.SelfCare.Domain", "NDK.SelfCare.Domain\NDK.SelfCare.Domain.csproj", "{B9235440-9FED-428F-9D9A-FFACBFBAD018}"
EndProject
Project("{9A19103F-16F7-4668-BE54-9A1E7A4F7556}") = "NDK.SelfCare.Core", "NDK.SelfCare.Core\NDK.SelfCare.Core.csproj", "{7ED3416D-E271-47B6-BD98-A76A3800E46B}"
EndProject
Project("{2150E333-8FDC-42A3-9474-1A3956D46DE8}") = "References", "References", "{C72D78EB-CFE9-434C-9548-7CFBE1B3FCB3}"
EndProject
Project("{9A19103F-16F7-4668-BE54-9A1E7A4F7556}") = "NDK.Auth", "..\NDK\NDK.AUTH\NDK.Auth.csproj", "{598D0A4E-2E93-46F2-A434-1C790AB2AE6D}"
EndProject
Project("{9A19103F-16F7-4668-BE54-9A1E7A4F7556}") = "NDK.Common", "..\NDK\NDK.Common\NDK.Common.csproj", "{E468AD15-1710-4136-BB2B-5238D803D9BB}"
EndProject
Project("{9A19103F-16F7-4668-BE54-9A1E7A4F7556}") = "NDK.Core", "..\NDK\NDK.Core\NDK.Core.csproj", "{CCD58086-7EED-4F34-BAEC-7A455381D8D6}"
EndProject
Project("{9A19103F-16F7-4668-BE54-9A1E7A4F7556}") = "NDK.Database", "..\NDK\NDK.Database\NDK.Database.csproj", "{9DAB7B38-B8B6-478C-8DD7-13CDF65B907F}"
EndProject
Project("{9A19103F-16F7-4668-BE54-9A1E7A4F7556}") = "NDK.Globalization", "..\NDK\NDK.Globalization\NDK.Globalization.csproj", "{28706B3F-0B0B-43EA-99CC-6612AF0E99EA}"
EndProject
Project("{9A19103F-16F7-4668-BE54-9A1E7A4F7556}") = "NDK.MiddleActions", "..\NDK\NDK.MiddleActions\NDK.MiddleActions.csproj", "{2F1707A4-05C6-417F-8D0F-D1FD1AB82EFC}"
EndProject
Project("{9A19103F-16F7-4668-BE54-9A1E7A4F7556}") = "NDK.PublicAuth", "..\NDK\NDK.PublicAUTH\NDK.PublicAuth.csproj", "{D111F94F-7A0B-4DE1-BB88-B47E520F0115}"
EndProject
Project("{9A19103F-16F7-4668-BE54-9A1E7A4F7556}") = "NDK.Query", "..\NDK\NDK.Query\NDK.Query.csproj", "{C2145116-6C45-471C-A7E6-7DBE40E4F038}"
EndProject
Project("{9A19103F-16F7-4668-BE54-9A1E7A4F7556}") = "NDK.QueryAnalyser.Core", "..\NDK\NDK.QueryAnalyser\NDK.QueryAnalyser.Core.csproj", "{4B3E09FF-4E40-4B61-8473-07013E357CAD}"
EndProject
Project("{9A19103F-16F7-4668-BE54-9A1E7A4F7556}") = "NDK.SelfCare.DbSetup", "NDK.SelfCare.DbSetup\NDK.SelfCare.DbSetup.csproj", "{3DECA952-05D7-4AC2-BC17-C57D4FE5E26F}"
EndProject
Project("{9A19103F-16F7-4668-BE54-9A1E7A4F7556}") = "Ndk.SelfCare.WebApp", "Ndk.SelfCare.WebApp\Ndk.SelfCare.WebApp.csproj", "{A70FB599-9827-4808-AF89-933154720CA4}"
EndProject
Project("{2150E333-8FDC-42A3-9474-1A3956D46DE8}") = "Setup", "Setup", "{961B413B-E580-491A-83FF-B873B2EA7FC6}"
EndProject
Global
	GlobalSection(SolutionConfigurationPlatforms) = preSolution
		Debug|Any CPU = Debug|Any CPU
		Release|Any CPU = Release|Any CPU
	EndGlobalSection
	GlobalSection(ProjectConfigurationPlatforms) = postSolution
		{DCFD1EF1-EEE9-422D-9425-1EDBA5D6893D}.Debug|Any CPU.ActiveCfg = Debug|Any CPU
		{DCFD1EF1-EEE9-422D-9425-1EDBA5D6893D}.Debug|Any CPU.Build.0 = Debug|Any CPU
		{DCFD1EF1-EEE9-422D-9425-1EDBA5D6893D}.Release|Any CPU.ActiveCfg = Release|Any CPU
		{DCFD1EF1-EEE9-422D-9425-1EDBA5D6893D}.Release|Any CPU.Build.0 = Release|Any CPU
		{B9235440-9FED-428F-9D9A-FFACBFBAD018}.Debug|Any CPU.ActiveCfg = Debug|Any CPU
		{B9235440-9FED-428F-9D9A-FFACBFBAD018}.Debug|Any CPU.Build.0 = Debug|Any CPU
		{B9235440-9FED-428F-9D9A-FFACBFBAD018}.Release|Any CPU.ActiveCfg = Release|Any CPU
		{B9235440-9FED-428F-9D9A-FFACBFBAD018}.Release|Any CPU.Build.0 = Release|Any CPU
		{7ED3416D-E271-47B6-BD98-A76A3800E46B}.Debug|Any CPU.ActiveCfg = Debug|Any CPU
		{7ED3416D-E271-47B6-BD98-A76A3800E46B}.Debug|Any CPU.Build.0 = Debug|Any CPU
		{7ED3416D-E271-47B6-BD98-A76A3800E46B}.Release|Any CPU.ActiveCfg = Release|Any CPU
		{7ED3416D-E271-47B6-BD98-A76A3800E46B}.Release|Any CPU.Build.0 = Release|Any CPU
		{598D0A4E-2E93-46F2-A434-1C790AB2AE6D}.Debug|Any CPU.ActiveCfg = Debug|Any CPU
		{598D0A4E-2E93-46F2-A434-1C790AB2AE6D}.Debug|Any CPU.Build.0 = Debug|Any CPU
		{598D0A4E-2E93-46F2-A434-1C790AB2AE6D}.Release|Any CPU.ActiveCfg = Release|Any CPU
		{598D0A4E-2E93-46F2-A434-1C790AB2AE6D}.Release|Any CPU.Build.0 = Release|Any CPU
		{E468AD15-1710-4136-BB2B-5238D803D9BB}.Debug|Any CPU.ActiveCfg = Debug|Any CPU
		{E468AD15-1710-4136-BB2B-5238D803D9BB}.Debug|Any CPU.Build.0 = Debug|Any CPU
		{E468AD15-1710-4136-BB2B-5238D803D9BB}.Release|Any CPU.ActiveCfg = Release|Any CPU
		{E468AD15-1710-4136-BB2B-5238D803D9BB}.Release|Any CPU.Build.0 = Release|Any CPU
		{CCD58086-7EED-4F34-BAEC-7A455381D8D6}.Debug|Any CPU.ActiveCfg = Debug|Any CPU
		{CCD58086-7EED-4F34-BAEC-7A455381D8D6}.Debug|Any CPU.Build.0 = Debug|Any CPU
		{CCD58086-7EED-4F34-BAEC-7A455381D8D6}.Release|Any CPU.ActiveCfg = Release|Any CPU
		{CCD58086-7EED-4F34-BAEC-7A455381D8D6}.Release|Any CPU.Build.0 = Release|Any CPU
		{9DAB7B38-B8B6-478C-8DD7-13CDF65B907F}.Debug|Any CPU.ActiveCfg = Debug|Any CPU
		{9DAB7B38-B8B6-478C-8DD7-13CDF65B907F}.Debug|Any CPU.Build.0 = Debug|Any CPU
		{9DAB7B38-B8B6-478C-8DD7-13CDF65B907F}.Release|Any CPU.ActiveCfg = Release|Any CPU
		{9DAB7B38-B8B6-478C-8DD7-13CDF65B907F}.Release|Any CPU.Build.0 = Release|Any CPU
		{28706B3F-0B0B-43EA-99CC-6612AF0E99EA}.Debug|Any CPU.ActiveCfg = Debug|Any CPU
		{28706B3F-0B0B-43EA-99CC-6612AF0E99EA}.Debug|Any CPU.Build.0 = Debug|Any CPU
		{28706B3F-0B0B-43EA-99CC-6612AF0E99EA}.Release|Any CPU.ActiveCfg = Release|Any CPU
		{28706B3F-0B0B-43EA-99CC-6612AF0E99EA}.Release|Any CPU.Build.0 = Release|Any CPU
		{2F1707A4-05C6-417F-8D0F-D1FD1AB82EFC}.Debug|Any CPU.ActiveCfg = Debug|Any CPU
		{2F1707A4-05C6-417F-8D0F-D1FD1AB82EFC}.Debug|Any CPU.Build.0 = Debug|Any CPU
		{2F1707A4-05C6-417F-8D0F-D1FD1AB82EFC}.Release|Any CPU.ActiveCfg = Release|Any CPU
		{2F1707A4-05C6-417F-8D0F-D1FD1AB82EFC}.Release|Any CPU.Build.0 = Release|Any CPU
		{D111F94F-7A0B-4DE1-BB88-B47E520F0115}.Debug|Any CPU.ActiveCfg = Debug|Any CPU
		{D111F94F-7A0B-4DE1-BB88-B47E520F0115}.Debug|Any CPU.Build.0 = Debug|Any CPU
		{D111F94F-7A0B-4DE1-BB88-B47E520F0115}.Release|Any CPU.ActiveCfg = Release|Any CPU
		{D111F94F-7A0B-4DE1-BB88-B47E520F0115}.Release|Any CPU.Build.0 = Release|Any CPU
		{C2145116-6C45-471C-A7E6-7DBE40E4F038}.Debug|Any CPU.ActiveCfg = Debug|Any CPU
		{C2145116-6C45-471C-A7E6-7DBE40E4F038}.Debug|Any CPU.Build.0 = Debug|Any CPU
		{C2145116-6C45-471C-A7E6-7DBE40E4F038}.Release|Any CPU.ActiveCfg = Release|Any CPU
		{C2145116-6C45-471C-A7E6-7DBE40E4F038}.Release|Any CPU.Build.0 = Release|Any CPU
		{4B3E09FF-4E40-4B61-8473-07013E357CAD}.Debug|Any CPU.ActiveCfg = Debug|Any CPU
		{4B3E09FF-4E40-4B61-8473-07013E357CAD}.Debug|Any CPU.Build.0 = Debug|Any CPU
		{4B3E09FF-4E40-4B61-8473-07013E357CAD}.Release|Any CPU.ActiveCfg = Release|Any CPU
		{4B3E09FF-4E40-4B61-8473-07013E357CAD}.Release|Any CPU.Build.0 = Release|Any CPU
		{3DECA952-05D7-4AC2-BC17-C57D4FE5E26F}.Debug|Any CPU.ActiveCfg = Debug|Any CPU
		{3DECA952-05D7-4AC2-BC17-C57D4FE5E26F}.Debug|Any CPU.Build.0 = Debug|Any CPU
		{3DECA952-05D7-4AC2-BC17-C57D4FE5E26F}.Release|Any CPU.ActiveCfg = Release|Any CPU
		{3DECA952-05D7-4AC2-BC17-C57D4FE5E26F}.Release|Any CPU.Build.0 = Release|Any CPU
		{A70FB599-9827-4808-AF89-933154720CA4}.Debug|Any CPU.ActiveCfg = Debug|Any CPU
		{A70FB599-9827-4808-AF89-933154720CA4}.Debug|Any CPU.Build.0 = Debug|Any CPU
		{A70FB599-9827-4808-AF89-933154720CA4}.Release|Any CPU.ActiveCfg = Release|Any CPU
		{A70FB599-9827-4808-AF89-933154720CA4}.Release|Any CPU.Build.0 = Release|Any CPU
	EndGlobalSection
	GlobalSection(SolutionProperties) = preSolution
		HideSolutionNode = FALSE
	EndGlobalSection
	GlobalSection(NestedProjects) = preSolution
		{598D0A4E-2E93-46F2-A434-1C790AB2AE6D} = {C72D78EB-CFE9-434C-9548-7CFBE1B3FCB3}
		{E468AD15-1710-4136-BB2B-5238D803D9BB} = {C72D78EB-CFE9-434C-9548-7CFBE1B3FCB3}
		{CCD58086-7EED-4F34-BAEC-7A455381D8D6} = {C72D78EB-CFE9-434C-9548-7CFBE1B3FCB3}
		{9DAB7B38-B8B6-478C-8DD7-13CDF65B907F} = {C72D78EB-CFE9-434C-9548-7CFBE1B3FCB3}
		{28706B3F-0B0B-43EA-99CC-6612AF0E99EA} = {C72D78EB-CFE9-434C-9548-7CFBE1B3FCB3}
		{2F1707A4-05C6-417F-8D0F-D1FD1AB82EFC} = {C72D78EB-CFE9-434C-9548-7CFBE1B3FCB3}
		{D111F94F-7A0B-4DE1-BB88-B47E520F0115} = {C72D78EB-CFE9-434C-9548-7CFBE1B3FCB3}
		{C2145116-6C45-471C-A7E6-7DBE40E4F038} = {C72D78EB-CFE9-434C-9548-7CFBE1B3FCB3}
		{4B3E09FF-4E40-4B61-8473-07013E357CAD} = {C72D78EB-CFE9-434C-9548-7CFBE1B3FCB3}
		{3DECA952-05D7-4AC2-BC17-C57D4FE5E26F} = {961B413B-E580-491A-83FF-B873B2EA7FC6}
	EndGlobalSection
	GlobalSection(ExtensibilityGlobals) = postSolution
		SolutionGuid = {A2ECE9C3-9509-4687-9453-356659ACAF79}
	EndGlobalSection
EndGlobal
