
Microsoft Visual Studio Solution File, Format Version 12.00
# Visual Studio Version 17
VisualStudioVersion = 17.8.34004.107
MinimumVisualStudioVersion = 10.0.40219.1
Project("{9A19103F-16F7-4668-BE54-9A1E7A4F7556}") = "NDK.SelfCare", "NDK.SelfCare\NDK.SelfCare.csproj", "{DCFD1EF1-EEE9-422D-9425-1EDBA5D6893D}"
EndProject
Project("{9A19103F-16F7-4668-BE54-9A1E7A4F7556}") = "NDK.SelfCare.Domain", "NDK.SelfCare.Domain\NDK.SelfCare.Domain.csproj", "{B9235440-9FED-428F-9D9A-FFACBFBAD018}"
EndProject
Project("{9A19103F-16F7-4668-BE54-9A1E7A4F7556}") = "NDK.SelfCare.Core", "NDK.SelfCare.Core\NDK.SelfCare.Core.csproj", "{7ED3416D-E271-47B6-BD98-A76A3800E46B}"
EndProject
Project("{9A19103F-16F7-4668-BE54-9A1E7A4F7556}") = "NDK.SelfCare.DbSetup", "NDK.SelfCare.DbSetup\NDK.SelfCare.DbSetup.csproj", "{3DECA952-05D7-4AC2-BC17-C57D4FE5E26F}"
EndProject
Project("{9A19103F-16F7-4668-BE54-9A1E7A4F7556}") = "Ndk.SelfCare.WebApp", "Ndk.SelfCare.WebApp\Ndk.SelfCare.WebApp.csproj", "{A70FB599-9827-4808-AF89-933154720CA4}"
EndProject
Project("{2150E333-8FDC-42A3-9474-1A3956D46DE8}") = "Setup", "Setup", "{961B413B-E580-491A-83FF-B873B2EA7FC6}"
EndProject
Global
	GlobalSection(SolutionConfigurationPlatforms) = preSolution
		Debug|Any CPU = Debug|Any CPU
		Release|Any CPU = Release|Any CPU
	EndGlobalSection
	GlobalSection(ProjectConfigurationPlatforms) = postSolution
		{DCFD1EF1-EEE9-422D-9425-1EDBA5D6893D}.Debug|Any CPU.ActiveCfg = Debug|Any CPU
		{DCFD1EF1-EEE9-422D-9425-1EDBA5D6893D}.Debug|Any CPU.Build.0 = Debug|Any CPU
		{DCFD1EF1-EEE9-422D-9425-1EDBA5D6893D}.Release|Any CPU.ActiveCfg = Release|Any CPU
		{DCFD1EF1-EEE9-422D-9425-1EDBA5D6893D}.Release|Any CPU.Build.0 = Release|Any CPU
		{B9235440-9FED-428F-9D9A-FFACBFBAD018}.Debug|Any CPU.ActiveCfg = Debug|Any CPU
		{B9235440-9FED-428F-9D9A-FFACBFBAD018}.Debug|Any CPU.Build.0 = Debug|Any CPU
		{B9235440-9FED-428F-9D9A-FFACBFBAD018}.Release|Any CPU.ActiveCfg = Release|Any CPU
		{B9235440-9FED-428F-9D9A-FFACBFBAD018}.Release|Any CPU.Build.0 = Release|Any CPU
		{7ED3416D-E271-47B6-BD98-A76A3800E46B}.Debug|Any CPU.ActiveCfg = Debug|Any CPU
		{7ED3416D-E271-47B6-BD98-A76A3800E46B}.Debug|Any CPU.Build.0 = Debug|Any CPU
		{7ED3416D-E271-47B6-BD98-A76A3800E46B}.Release|Any CPU.ActiveCfg = Release|Any CPU
		{7ED3416D-E271-47B6-BD98-A76A3800E46B}.Release|Any CPU.Build.0 = Release|Any CPU
		{3DECA952-05D7-4AC2-BC17-C57D4FE5E26F}.Debug|Any CPU.ActiveCfg = Debug|Any CPU
		{3DECA952-05D7-4AC2-BC17-C57D4FE5E26F}.Debug|Any CPU.Build.0 = Debug|Any CPU
		{3DECA952-05D7-4AC2-BC17-C57D4FE5E26F}.Release|Any CPU.ActiveCfg = Release|Any CPU
		{3DECA952-05D7-4AC2-BC17-C57D4FE5E26F}.Release|Any CPU.Build.0 = Release|Any CPU
		{A70FB599-9827-4808-AF89-933154720CA4}.Debug|Any CPU.ActiveCfg = Debug|Any CPU
		{A70FB599-9827-4808-AF89-933154720CA4}.Debug|Any CPU.Build.0 = Debug|Any CPU
		{A70FB599-9827-4808-AF89-933154720CA4}.Release|Any CPU.ActiveCfg = Release|Any CPU
		{A70FB599-9827-4808-AF89-933154720CA4}.Release|Any CPU.Build.0 = Release|Any CPU
	EndGlobalSection
	GlobalSection(SolutionProperties) = preSolution
		HideSolutionNode = FALSE
	EndGlobalSection
	GlobalSection(NestedProjects) = preSolution
		{3DECA952-05D7-4AC2-BC17-C57D4FE5E26F} = {961B413B-E580-491A-83FF-B873B2EA7FC6}
	EndGlobalSection
	GlobalSection(ExtensibilityGlobals) = postSolution
		SolutionGuid = {A2ECE9C3-9509-4687-9453-356659ACAF79}
	EndGlobalSection
EndGlobal
